
Microsoft Visual Studio Solution File, Format Version 12.00
# Visual Studio Version 17
VisualStudioVersion = 17.9.34622.214
MinimumVisualStudioVersion = 10.0.40219.1
Project("{FAE04EC0-301F-11D3-BF4B-00C04F79EFBC}") = "Procedures", "Procedures\Procedures.csproj", "{AD18809B-C9F6-4C52-A9A5-308AF1E3B52D}"
EndProject
Global
	GlobalSection(SolutionConfigurationPlatforms) = preSolution
		Debug|Any CPU = Debug|Any CPU
		Release|Any CPU = Release|Any CPU
	EndGlobalSection
	GlobalSection(ProjectConfigurationPlatforms) = postSolution
		{AD18809B-C9F6-4C52-A9A5-308AF1E3B52D}.Debug|Any CPU.ActiveCfg = Debug|Any CPU
		{AD18809B-C9F6-4C52-A9A5-308AF1E3B52D}.Debug|Any CPU.Build.0 = Debug|Any CPU
		{AD18809B-C9F6-4C52-A9A5-308AF1E3B52D}.Release|Any CPU.ActiveCfg = Release|Any CPU
		{AD18809B-C9F6-4C52-A9A5-308AF1E3B52D}.Release|Any CPU.Build.0 = Release|Any CPU
	EndGlobalSection
	GlobalSection(SolutionProperties) = preSolution
		HideSolutionNode = FALSE
	EndGlobalSection
	GlobalSection(ExtensibilityGlobals) = postSolution
		SolutionGuid = {3390F18A-5BBD-4259-8ECA-97A1BA0C88EA}
	EndGlobalSection
EndGlobal
